
Microsoft Visual Studio Solution File, Format Version 12.00
# Visual Studio Version 17
VisualStudioVersion = 17.0.31912.275
MinimumVisualStudioVersion = 10.0.40219.1
Project("{FAE04EC0-301F-11D3-BF4B-00C04F79EFBC}") = "Упражнение 8.2", "Упражнение 8.2.csproj", "{5059429F-D512-4DFB-A347-2F88BC6EC6D4}"
EndProject
Global
	GlobalSection(SolutionConfigurationPlatforms) = preSolution
		Debug|Any CPU = Debug|Any CPU
		Release|Any CPU = Release|Any CPU
	EndGlobalSection
	GlobalSection(ProjectConfigurationPlatforms) = postSolution
		{5059429F-D512-4DFB-A347-2F88BC6EC6D4}.Debug|Any CPU.ActiveCfg = Debug|Any CPU
		{5059429F-D512-4DFB-A347-2F88BC6EC6D4}.Debug|Any CPU.Build.0 = Debug|Any CPU
		{5059429F-D512-4DFB-A347-2F88BC6EC6D4}.Release|Any CPU.ActiveCfg = Release|Any CPU
		{5059429F-D512-4DFB-A347-2F88BC6EC6D4}.Release|Any CPU.Build.0 = Release|Any CPU
	EndGlobalSection
	GlobalSection(SolutionProperties) = preSolution
		HideSolutionNode = FALSE
	EndGlobalSection
	GlobalSection(ExtensibilityGlobals) = postSolution
		SolutionGuid = {62930996-49BB-4AF1-9DFB-82D97467F06E}
	EndGlobalSection
EndGlobal
